version = 1

[[bindings]]
doc = "docs/vault/Modules/ALCF Gateway.md"
target = "benchmark/src/smbench/alcf/auth.py#get_access_token"
sig = "5d95c969dc260ad9"

[[bindings]]
doc = "docs/vault/Modules/ALCF Gateway.md"
target = "benchmark/src/smbench/alcf/gateway.py"
sig = "44a21c505c9c1199"

[[bindings]]
doc = "docs/vault/Modules/ALCF Gateway.md"
target = "benchmark/src/smbench/alcf/gateway.py#RequestLog"
sig = "fffcea073ff9bb50"

[[bindings]]
doc = "docs/vault/Modules/ALCF Gateway.md"
target = "benchmark/src/smbench/alcf/gateway.py#TokenCache"
sig = "cdc75c3c065b2b1e"

[[bindings]]
doc = "docs/vault/Modules/ALCF Gateway.md"
target = "benchmark/src/smbench/alcf/gateway.py#create_app"
sig = "6d670e1c3da48285"

[[bindings]]
doc = "docs/vault/Modules/Benchmark Site.md"
target = "benchmark/site/registry.json"
sig = "e18cc43b5a7b2793"

[[bindings]]
doc = "docs/vault/Modules/Benchmark Site.md"
target = "benchmark/site/template.html"
sig = "2bfe1a59064bf765"

[[bindings]]
doc = "docs/vault/Modules/Benchmark Site.md"
target = "benchmark/src/smbench/site/build.py#build"
sig = "a35d2274ba53ac1b"

[[bindings]]
doc = "docs/vault/Modules/Benchmark Site.md"
target = "benchmark/src/smbench/site/build.py#normalise"
sig = "cd1651d8ee453860"

[[bindings]]
doc = "docs/vault/Modules/LoCoMo Harness.md"
target = "benchmark/scripts/get_locomo.sh"
sig = "38e2e458c00eee1a"

[[bindings]]
doc = "docs/vault/Modules/LoCoMo Harness.md"
target = "benchmark/scripts/run_locomo_full.sh"
sig = "61f56c690857c45a"

[[bindings]]
doc = "docs/vault/Modules/LoCoMo Harness.md"
target = "benchmark/scripts/run_locomo_one.sh"
sig = "01be6c9400914188"

[[bindings]]
doc = "docs/vault/Modules/LoCoMo Harness.md"
target = "benchmark/scripts/serve_hindsight.sh"
sig = "2927b28fec460543"

[[bindings]]
doc = "docs/vault/Modules/LoCoMo Harness.md"
target = "benchmark/src/smbench/adapters/__init__.py"
sig = "1b343404ca336c85"

[[bindings]]
doc = "docs/vault/Modules/LoCoMo Harness.md"
target = "benchmark/src/smbench/adapters/__init__.py#MemoryAdapter"
sig = "a239b48e47673e54"

[[bindings]]
doc = "docs/vault/Modules/LoCoMo Harness.md"
target = "benchmark/src/smbench/adapters/__init__.py#load_adapter"
sig = "30682cd84f657fd5"

[[bindings]]
doc = "docs/vault/Modules/LoCoMo Harness.md"
target = "benchmark/src/smbench/adapters/hindsight.py#HindsightAdapter"
sig = "3f93b9f8c8aadb2d"

[[bindings]]
doc = "docs/vault/Modules/LoCoMo Harness.md"
target = "benchmark/src/smbench/adapters/mem0.py#Mem0Adapter"
sig = "21ef34aa5a39185a"

[[bindings]]
doc = "docs/vault/Modules/LoCoMo Harness.md"
target = "benchmark/src/smbench/adapters/mem0.py#_resolve_session_dates"
sig = "6ed57f9aa4ebad7e"

[[bindings]]
doc = "docs/vault/Modules/LoCoMo Harness.md"
target = "benchmark/src/smbench/locomo/aggregate.py#mcnemar"
sig = "8471a1d58662f99d"

[[bindings]]
doc = "docs/vault/Modules/LoCoMo Harness.md"
target = "benchmark/src/smbench/locomo/aggregate.py#paired"
sig = "809f26f904431b7f"

[[bindings]]
doc = "docs/vault/Modules/LoCoMo Harness.md"
target = "benchmark/src/smbench/locomo/aggregate.py#wilson"
sig = "9e88e6d354903c80"

[[bindings]]
doc = "docs/vault/Modules/LoCoMo Harness.md"
target = "benchmark/src/smbench/locomo/data.py"
sig = "21f08b14def58a61"

[[bindings]]
doc = "docs/vault/Modules/LoCoMo Harness.md"
target = "benchmark/src/smbench/locomo/data.py#load"
sig = "037477d5026e9fa9"

[[bindings]]
doc = "docs/vault/Modules/LoCoMo Harness.md"
target = "benchmark/src/smbench/locomo/data.py#questions"
sig = "0642951ba6d9d039"

[[bindings]]
doc = "docs/vault/Modules/LoCoMo Harness.md"
target = "benchmark/src/smbench/locomo/data.py#sessions"
sig = "f2b7c21999aca43c"

[[bindings]]
doc = "docs/vault/Modules/LoCoMo Harness.md"
target = "benchmark/src/smbench/locomo/metrics.py#summarise"
sig = "96753a38cbb7d1d6"

[[bindings]]
doc = "docs/vault/Modules/LoCoMo Harness.md"
target = "benchmark/src/smbench/locomo/prompts.py"
sig = "12bb339f30ba97c2"

[[bindings]]
doc = "docs/vault/Modules/LoCoMo Harness.md"
target = "benchmark/src/smbench/locomo/run.py#Runner"
sig = "4b22ed06501643cb"
