version = 1

[[bindings]]
doc = "docs/vault/Concepts/Benchmark Plan.md"
target = "benchmark/src/smbench/locomo/run.py#Runner"
sig = "4b22ed06501643cb"

[[bindings]]
doc = "docs/vault/Concepts/Benchmark Plan.md"
target = "benchmark/src/smbench/selective/world.py#Fact"
sig = "50e52f6af7b2fb8d"

[[bindings]]
doc = "docs/vault/Concepts/Label and Memory Types.md"
target = "memgate/src/memgate/adapters/hindsight/client.py#AsyncHindsightMemory"
sig = "0dc0bc37b8841b81"

[[bindings]]
doc = "docs/vault/Concepts/Label and Memory Types.md"
target = "memgate/src/memgate/adapters/hindsight/client.py#HindsightMemory"
sig = "99ca4a39aec0a0fc"

[[bindings]]
doc = "docs/vault/Concepts/Label and Memory Types.md"
target = "memgate/src/memgate/context.py#class_bank"
sig = "aa8025ade3648e48"

[[bindings]]
doc = "docs/vault/Concepts/Label and Memory Types.md"
target = "memgate/src/memgate/core.py#AsyncMemory"
sig = "75f05a7d7c7e1db0"

[[bindings]]
doc = "docs/vault/Concepts/Label and Memory Types.md"
target = "memgate/src/memgate/core.py#Memory"
sig = "a7304246cea2c3b3"

[[bindings]]
doc = "docs/vault/Concepts/Label and Memory Types.md"
target = "memgate/src/memgate/world.py#Environment"
sig = "645263bcd7aeadfb"

[[bindings]]
doc = "docs/vault/Concepts/Label and Memory Types.md"
target = "memgate/src/memgate/world.py#World"
sig = "c047bfc658b67d2f"

[[bindings]]
doc = "docs/vault/Concepts/Permission Layer.md"
target = "memgate/src/memgate/adapters/hindsight/client.py#AsyncHindsightMemory"
sig = "0dc0bc37b8841b81"

[[bindings]]
doc = "docs/vault/Concepts/Permission Layer.md"
target = "memgate/src/memgate/adapters/hindsight/client.py#HindsightMemory"
sig = "fe3a8875f85a2d8f"

[[bindings]]
doc = "docs/vault/Concepts/Permission Layer.md"
target = "memgate/src/memgate/core.py#Memory"
sig = "a7304246cea2c3b3"

[[bindings]]
doc = "docs/vault/Concepts/Store Protocol.md"
target = "benchmark/src/smbench/adapters/__init__.py#Memory"
sig = "18a8a4e569f43b73"

[[bindings]]
doc = "docs/vault/Concepts/Store Protocol.md"
target = "benchmark/src/smbench/adapters/__init__.py#MemoryAdapter"
sig = "a239b48e47673e54"

[[bindings]]
doc = "docs/vault/Concepts/Store Protocol.md"
target = "benchmark/src/smbench/adapters/hindsight.py#HindsightAdapter"
sig = "3f93b9f8c8aadb2d"

[[bindings]]
doc = "docs/vault/Concepts/Store Protocol.md"
target = "benchmark/src/smbench/adapters/mem0.py#Mem0Adapter"
sig = "21ef34aa5a39185a"

[[bindings]]
doc = "docs/vault/Concepts/Store Protocol.md"
target = "benchmark/src/smbench/adapters/memgate.py#MemgateAdapter"
sig = "2a17d7c38ad08835"

[[bindings]]
doc = "docs/vault/Concepts/Store Protocol.md"
target = "benchmark/src/smbench/adapters/memgate.py#agent_id"
sig = "78c2b9f8bd93bf7d"

[[bindings]]
doc = "docs/vault/Concepts/Store Protocol.md"
target = "benchmark/src/smbench/selective/systems.py#Memgate"
sig = "ff70aa1d02c5c183"

[[bindings]]
doc = "docs/vault/Concepts/Store Protocol.md"
target = "benchmark/src/smbench/selective/systems.py#NoFilter"
sig = "9f65193b8f469dfc"

[[bindings]]
doc = "docs/vault/Concepts/Store Protocol.md"
target = "benchmark/src/smbench/selective/systems.py#PerAgent"
sig = "81fb6da007a8912d"

[[bindings]]
doc = "docs/vault/Concepts/Store Protocol.md"
target = "benchmark/src/smbench/selective/systems.py#RawHindsight"
sig = "feba9f4278a2323b"

[[bindings]]
doc = "docs/vault/Concepts/Store Protocol.md"
target = "benchmark/src/smbench/selective/systems_mem0.py#Mem0Memgate"
sig = "f65b73afc38c5a6a"

[[bindings]]
doc = "docs/vault/Concepts/Store Protocol.md"
target = "benchmark/src/smbench/selective/systems_mem0.py#Mem0NoFilter"
sig = "df35f18bd0aa63d3"

[[bindings]]
doc = "docs/vault/Concepts/Store Protocol.md"
target = "benchmark/src/smbench/selective/systems_mem0.py#Mem0Store"
sig = "7d6fe31b0f289e65"

[[bindings]]
doc = "docs/vault/Concepts/Store Protocol.md"
target = "memgate/src/memgate/adapters/hindsight/client.py#AsyncHindsightMemory"
sig = "fbb7961824f64562"

[[bindings]]
doc = "docs/vault/Concepts/Store Protocol.md"
target = "memgate/src/memgate/adapters/hindsight/client.py#HindsightMemory"
sig = "fe3a8875f85a2d8f"

[[bindings]]
doc = "docs/vault/Concepts/Store Protocol.md"
target = "memgate/src/memgate/adapters/hindsight/store.py#AsyncHindsightStore"
sig = "f300cb0a138938b8"

[[bindings]]
doc = "docs/vault/Concepts/Store Protocol.md"
target = "memgate/src/memgate/adapters/hindsight/store.py#HindsightStore"
sig = "1f657b2c847f722b"

[[bindings]]
doc = "docs/vault/Concepts/Store Protocol.md"
target = "memgate/src/memgate/adapters/hindsight/validator.py#MemgateValidator"
sig = "f7929b1378d25e05"

[[bindings]]
doc = "docs/vault/Concepts/Store Protocol.md"
target = "memgate/src/memgate/adapters/mem0/store.py#Mem0Store"
sig = "20aee31250d4dfb1"

[[bindings]]
doc = "docs/vault/Concepts/Store Protocol.md"
target = "memgate/src/memgate/context.py#class_bank"
sig = "aa8025ade3648e48"

[[bindings]]
doc = "docs/vault/Concepts/Store Protocol.md"
target = "memgate/src/memgate/core.py#AsyncMemory"
sig = "75f05a7d7c7e1db0"

[[bindings]]
doc = "docs/vault/Concepts/Store Protocol.md"
target = "memgate/src/memgate/core.py#Core"
sig = "bf5242d4884be8e9"

[[bindings]]
doc = "docs/vault/Concepts/Store Protocol.md"
target = "memgate/src/memgate/core.py#Memory"
sig = "a7304246cea2c3b3"

[[bindings]]
doc = "docs/vault/Concepts/Store Protocol.md"
target = "memgate/src/memgate/policy.py#Policy"
sig = "d075e5714f730423"

[[bindings]]
doc = "docs/vault/Concepts/Store Protocol.md"
target = "memgate/src/memgate/provenance.py#write_id_for"
sig = "180eb6487945c88e"

[[bindings]]
doc = "docs/vault/Concepts/Store Protocol.md"
target = "memgate/src/memgate/store.py#Capabilities"
sig = "82a6bc57593818fb"

[[bindings]]
doc = "docs/vault/Concepts/Store Protocol.md"
target = "memgate/src/memgate/store.py#Hit"
sig = "7253f5d6beac887b"

[[bindings]]
doc = "docs/vault/Concepts/Store Protocol.md"
target = "memgate/src/memgate/store.py#Item"
sig = "a335b9056331883e"

[[bindings]]
doc = "docs/vault/Concepts/Store Protocol.md"
target = "memgate/src/memgate/store.py#Listed"
sig = "acda2fe0f9ef4dc8"

[[bindings]]
doc = "docs/vault/Concepts/Store Protocol.md"
target = "memgate/src/memgate/store.py#Store"
sig = "6ef8b05f66f4f489"

[[bindings]]
doc = "docs/vault/Concepts/Store Protocol.md"
target = "memgate/src/memgate/world.py#Environment"
sig = "645263bcd7aeadfb"

[[bindings]]
doc = "docs/vault/Concepts/Store Protocol.md"
target = "memgate/src/memgate/world.py#World"
sig = "c047bfc658b67d2f"

[[bindings]]
doc = "docs/vault/Concepts/Trust Boundaries.md"
target = "benchmark/src/smbench/alcf/gateway.py#RequestLog"
sig = "fffcea073ff9bb50"

[[bindings]]
doc = "docs/vault/Concepts/Trust Boundaries.md"
target = "memgate/src/memgate/adapters/hindsight/client.py#AsyncHindsightMemory"
sig = "fbb7961824f64562"

[[bindings]]
doc = "docs/vault/Concepts/Trust Boundaries.md"
target = "memgate/src/memgate/adapters/hindsight/client.py#HindsightMemory"
sig = "fe3a8875f85a2d8f"

[[bindings]]
doc = "docs/vault/Concepts/Trust Boundaries.md"
target = "memgate/src/memgate/adapters/hindsight/validator.py#MemgateValidator"
sig = "f7929b1378d25e05"

[[bindings]]
doc = "docs/vault/Concepts/Trust Boundaries.md"
target = "memgate/src/memgate/context.py"
sig = "331b1ddf5c1f1357"

[[bindings]]
doc = "docs/vault/Concepts/Trust Boundaries.md"
target = "memgate/src/memgate/context.py#Context"
sig = "5364f419c55c5bd2"

[[bindings]]
doc = "docs/vault/Concepts/Trust Boundaries.md"
target = "memgate/src/memgate/policy.py#Policy"
sig = "d075e5714f730423"

[[bindings]]
doc = "docs/vault/Decision Log.md"
target = "memgate/src/memgate/context.py#Context"
sig = "5364f419c55c5bd2"

[[bindings]]
doc = "docs/vault/Modules/ALCF Gateway.md"
target = "benchmark/src/smbench/alcf/auth.py#get_access_token"
sig = "5d95c969dc260ad9"

[[bindings]]
doc = "docs/vault/Modules/ALCF Gateway.md"
target = "benchmark/src/smbench/alcf/gateway.py"
sig = "44a21c505c9c1199"

[[bindings]]
doc = "docs/vault/Modules/ALCF Gateway.md"
target = "benchmark/src/smbench/alcf/gateway.py#RequestLog"
sig = "fffcea073ff9bb50"

[[bindings]]
doc = "docs/vault/Modules/ALCF Gateway.md"
target = "benchmark/src/smbench/alcf/gateway.py#TokenCache"
sig = "cdc75c3c065b2b1e"

[[bindings]]
doc = "docs/vault/Modules/ALCF Gateway.md"
target = "benchmark/src/smbench/alcf/gateway.py#create_app"
sig = "6d670e1c3da48285"

[[bindings]]
doc = "docs/vault/Modules/Benchmark Site.md"
target = "benchmark/site/registry.json"
sig = "ddef8eb17427dfe3"

[[bindings]]
doc = "docs/vault/Modules/Benchmark Site.md"
target = "benchmark/site/template.html"
sig = "06aef69f801f374f"

[[bindings]]
doc = "docs/vault/Modules/Benchmark Site.md"
target = "benchmark/src/smbench/selective/dialogue.py#build"
sig = "c399ddf98fd6b813"

[[bindings]]
doc = "docs/vault/Modules/Benchmark Site.md"
target = "benchmark/src/smbench/site/build.py#build"
sig = "a35d2274ba53ac1b"

[[bindings]]
doc = "docs/vault/Modules/Benchmark Site.md"
target = "benchmark/src/smbench/site/build.py#normalise"
sig = "cd1651d8ee453860"

[[bindings]]
doc = "docs/vault/Modules/LoCoMo Harness.md"
target = "benchmark/scripts/get_locomo.sh"
sig = "38e2e458c00eee1a"

[[bindings]]
doc = "docs/vault/Modules/LoCoMo Harness.md"
target = "benchmark/scripts/run_locomo_full.sh"
sig = "c4cd3da0e4ba9074"

[[bindings]]
doc = "docs/vault/Modules/LoCoMo Harness.md"
target = "benchmark/scripts/run_locomo_one.sh"
sig = "f09c63b949e9fbc4"

[[bindings]]
doc = "docs/vault/Modules/LoCoMo Harness.md"
target = "benchmark/scripts/serve_hindsight.sh"
sig = "8d938a20a1d319b6"

[[bindings]]
doc = "docs/vault/Modules/LoCoMo Harness.md"
target = "benchmark/src/smbench/adapters/__init__.py"
sig = "bc85eb7e6aad7bd1"

[[bindings]]
doc = "docs/vault/Modules/LoCoMo Harness.md"
target = "benchmark/src/smbench/adapters/__init__.py#MemoryAdapter"
sig = "a239b48e47673e54"

[[bindings]]
doc = "docs/vault/Modules/LoCoMo Harness.md"
target = "benchmark/src/smbench/adapters/__init__.py#load_adapter"
sig = "e13eb3c33324f26e"

[[bindings]]
doc = "docs/vault/Modules/LoCoMo Harness.md"
target = "benchmark/src/smbench/adapters/hindsight.py#HindsightAdapter"
sig = "3f93b9f8c8aadb2d"

[[bindings]]
doc = "docs/vault/Modules/LoCoMo Harness.md"
target = "benchmark/src/smbench/adapters/mem0.py#Mem0Adapter"
sig = "21ef34aa5a39185a"

[[bindings]]
doc = "docs/vault/Modules/LoCoMo Harness.md"
target = "benchmark/src/smbench/adapters/mem0.py#_resolve_session_dates"
sig = "6ed57f9aa4ebad7e"

[[bindings]]
doc = "docs/vault/Modules/LoCoMo Harness.md"
target = "benchmark/src/smbench/adapters/memgate.py#MemgateAdapter"
sig = "2a17d7c38ad08835"

[[bindings]]
doc = "docs/vault/Modules/LoCoMo Harness.md"
target = "benchmark/src/smbench/adapters/memgate.py#add_to_world"
sig = "76fa03a258c450ae"

[[bindings]]
doc = "docs/vault/Modules/LoCoMo Harness.md"
target = "benchmark/src/smbench/adapters/memgate.py#agent_id"
sig = "78c2b9f8bd93bf7d"

[[bindings]]
doc = "docs/vault/Modules/LoCoMo Harness.md"
target = "benchmark/src/smbench/adapters/memgate.py#location_id"
sig = "fda4b171b795980b"

[[bindings]]
doc = "docs/vault/Modules/LoCoMo Harness.md"
target = "benchmark/src/smbench/locomo/aggregate.py#mcnemar"
sig = "8471a1d58662f99d"

[[bindings]]
doc = "docs/vault/Modules/LoCoMo Harness.md"
target = "benchmark/src/smbench/locomo/aggregate.py#paired"
sig = "809f26f904431b7f"

[[bindings]]
doc = "docs/vault/Modules/LoCoMo Harness.md"
target = "benchmark/src/smbench/locomo/aggregate.py#wilson"
sig = "9e88e6d354903c80"

[[bindings]]
doc = "docs/vault/Modules/LoCoMo Harness.md"
target = "benchmark/src/smbench/locomo/data.py"
sig = "21f08b14def58a61"

[[bindings]]
doc = "docs/vault/Modules/LoCoMo Harness.md"
target = "benchmark/src/smbench/locomo/data.py#load"
sig = "037477d5026e9fa9"

[[bindings]]
doc = "docs/vault/Modules/LoCoMo Harness.md"
target = "benchmark/src/smbench/locomo/data.py#questions"
sig = "0642951ba6d9d039"

[[bindings]]
doc = "docs/vault/Modules/LoCoMo Harness.md"
target = "benchmark/src/smbench/locomo/data.py#sessions"
sig = "f2b7c21999aca43c"

[[bindings]]
doc = "docs/vault/Modules/LoCoMo Harness.md"
target = "benchmark/src/smbench/locomo/metrics.py#summarise"
sig = "96753a38cbb7d1d6"

[[bindings]]
doc = "docs/vault/Modules/LoCoMo Harness.md"
target = "benchmark/src/smbench/locomo/prompts.py"
sig = "a789d2eb8d950959"

[[bindings]]
doc = "docs/vault/Modules/LoCoMo Harness.md"
target = "benchmark/src/smbench/locomo/run.py#Runner"
sig = "4b22ed06501643cb"

[[bindings]]
doc = "docs/vault/Modules/LoCoMo Harness.md"
target = "benchmark/src/smbench/selective/leakcheck.py"
sig = "a669381619cbf5a2"

[[bindings]]
doc = "docs/vault/Modules/LoCoMo Harness.md"
target = "benchmark/src/smbench/selective/leakcheck.py#summarise"
sig = "24e4ff48817ab87e"

[[bindings]]
doc = "docs/vault/Modules/LoCoMo Harness.md"
target = "benchmark/src/smbench/selective/run.py#summarise"
sig = "8427adb4ce077086"

[[bindings]]
doc = "docs/vault/Modules/LoCoMo Harness.md"
target = "benchmark/src/smbench/selective/systems_mem0.py#Mem0Store"
sig = "7d6fe31b0f289e65"

[[bindings]]
doc = "docs/vault/Modules/LoCoMo Harness.md"
target = "benchmark/src/smbench/site/build.py#wilson"
sig = "89c623f3e2a6465b"

[[bindings]]
doc = "docs/vault/Modules/LoCoMo Harness.md"
target = "memgate/src/memgate/adapters/hindsight/store.py#AsyncHindsightStore"
sig = "f300cb0a138938b8"

[[bindings]]
doc = "docs/vault/Modules/LoCoMo Harness.md"
target = "memgate/src/memgate/adapters/hindsight/store.py#HindsightStore"
sig = "1f657b2c847f722b"

[[bindings]]
doc = "docs/vault/Modules/LoCoMo Harness.md"
target = "memgate/src/memgate/adapters/mem0/store.py#Mem0Store"
sig = "20aee31250d4dfb1"

[[bindings]]
doc = "docs/vault/Modules/LoCoMo Harness.md"
target = "memgate/src/memgate/store.py#Store"
sig = "6ef8b05f66f4f489"

[[bindings]]
doc = "docs/vault/Modules/Selective Memory Benchmark.md"
target = "benchmark/src/smbench/adapters/memgate.py#agent_id"
sig = "78c2b9f8bd93bf7d"

[[bindings]]
doc = "docs/vault/Modules/Selective Memory Benchmark.md"
target = "benchmark/src/smbench/locomo/metrics.py#summarise"
sig = "96753a38cbb7d1d6"

[[bindings]]
doc = "docs/vault/Modules/Selective Memory Benchmark.md"
target = "benchmark/src/smbench/selective/dialogue.py#build"
sig = "c399ddf98fd6b813"

[[bindings]]
doc = "docs/vault/Modules/Selective Memory Benchmark.md"
target = "benchmark/src/smbench/selective/dialogue.py#write_dialogue"
sig = "2c80246871ddddc5"

[[bindings]]
doc = "docs/vault/Modules/Selective Memory Benchmark.md"
target = "benchmark/src/smbench/selective/leakcheck.py#Checker"
sig = "e00be3c3ea9e174e"

[[bindings]]
doc = "docs/vault/Modules/Selective Memory Benchmark.md"
target = "benchmark/src/smbench/selective/leakcheck.py#lineage"
sig = "002aa567b96c9022"

[[bindings]]
doc = "docs/vault/Modules/Selective Memory Benchmark.md"
target = "benchmark/src/smbench/selective/leakcheck.py#summarise"
sig = "24e4ff48817ab87e"

[[bindings]]
doc = "docs/vault/Modules/Selective Memory Benchmark.md"
target = "benchmark/src/smbench/selective/oracle.py#expected"
sig = "94131ddfb3f9a8c5"

[[bindings]]
doc = "docs/vault/Modules/Selective Memory Benchmark.md"
target = "benchmark/src/smbench/selective/oracle.py#permitted_carry_outs"
sig = "fe5b59b4a43a2bb5"

[[bindings]]
doc = "docs/vault/Modules/Selective Memory Benchmark.md"
target = "benchmark/src/smbench/selective/oracle.py#probe_kind"
sig = "52b4cac017de0005"

[[bindings]]
doc = "docs/vault/Modules/Selective Memory Benchmark.md"
target = "benchmark/src/smbench/selective/questions.py#why_invalid"
sig = "027170ca6fd6d3be"

[[bindings]]
doc = "docs/vault/Modules/Selective Memory Benchmark.md"
target = "benchmark/src/smbench/selective/run.py#multi_probes"
sig = "593ca043123bd8dd"

[[bindings]]
doc = "docs/vault/Modules/Selective Memory Benchmark.md"
target = "benchmark/src/smbench/selective/run.py#probe_pair"
sig = "891f8cab8ea47a73"

[[bindings]]
doc = "docs/vault/Modules/Selective Memory Benchmark.md"
target = "benchmark/src/smbench/selective/run.py#summarise"
sig = "8427adb4ce077086"

[[bindings]]
doc = "docs/vault/Modules/Selective Memory Benchmark.md"
target = "benchmark/src/smbench/selective/systems.py#Memgate"
sig = "ff70aa1d02c5c183"

[[bindings]]
doc = "docs/vault/Modules/Selective Memory Benchmark.md"
target = "benchmark/src/smbench/selective/systems.py#NoFilter"
sig = "9f65193b8f469dfc"

[[bindings]]
doc = "docs/vault/Modules/Selective Memory Benchmark.md"
target = "benchmark/src/smbench/selective/systems.py#PerAgent"
sig = "81fb6da007a8912d"

[[bindings]]
doc = "docs/vault/Modules/Selective Memory Benchmark.md"
target = "benchmark/src/smbench/selective/systems.py#RawHindsight"
sig = "feba9f4278a2323b"

[[bindings]]
doc = "docs/vault/Modules/Selective Memory Benchmark.md"
target = "benchmark/src/smbench/selective/systems.py#note_text"
sig = "4d0780b9aa364d95"

[[bindings]]
doc = "docs/vault/Modules/Selective Memory Benchmark.md"
target = "benchmark/src/smbench/selective/systems.py#personal_text"
sig = "9f578287decc21d2"

[[bindings]]
doc = "docs/vault/Modules/Selective Memory Benchmark.md"
target = "benchmark/src/smbench/selective/systems_mem0.py#Mem0Memgate"
sig = "f65b73afc38c5a6a"

[[bindings]]
doc = "docs/vault/Modules/Selective Memory Benchmark.md"
target = "benchmark/src/smbench/selective/systems_mem0.py#Mem0NoFilter"
sig = "df35f18bd0aa63d3"

[[bindings]]
doc = "docs/vault/Modules/Selective Memory Benchmark.md"
target = "benchmark/src/smbench/selective/systems_mem0.py#Mem0PerAgent"
sig = "7ef1626193018245"

[[bindings]]
doc = "docs/vault/Modules/Selective Memory Benchmark.md"
target = "benchmark/src/smbench/selective/world.py"
sig = "afd6d37674c53d54"

[[bindings]]
doc = "docs/vault/Modules/Selective Memory Benchmark.md"
target = "benchmark/src/smbench/selective/world.py#Conversation"
sig = "ddd3277609692222"

[[bindings]]
doc = "docs/vault/Modules/Selective Memory Benchmark.md"
target = "benchmark/src/smbench/selective/world.py#Fact"
sig = "50e52f6af7b2fb8d"

[[bindings]]
doc = "docs/vault/Modules/Selective Memory Benchmark.md"
target = "benchmark/src/smbench/selective/world.py#World"
sig = "5d7a2c21724b9f4c"

[[bindings]]
doc = "docs/vault/Modules/Selective Memory Benchmark.md"
target = "benchmark/src/smbench/selective/world.py#plan"
sig = "fc9e4665bb924bb2"

[[bindings]]
doc = "docs/vault/Modules/Selective Memory Benchmark.md"
target = "benchmark/src/smbench/selective/world.py#plan_env"
sig = "f92782be6a73c0f2"

[[bindings]]
doc = "docs/vault/Modules/Selective Memory Benchmark.md"
target = "benchmark/src/smbench/site/build.py#build"
sig = "a35d2274ba53ac1b"

[[bindings]]
doc = "docs/vault/Modules/Selective Memory Benchmark.md"
target = "memgate/src/memgate/policy.py#Policy"
sig = "d075e5714f730423"

[[bindings]]
doc = "docs/vault/Modules/Selective Memory Benchmark.md"
target = "memgate/src/memgate/world.py#World"
sig = "c047bfc658b67d2f"

[[bindings]]
doc = "docs/vault/Modules/Speed Suite.md"
target = "benchmark/src/smbench/speed/cedar.py"
sig = "a768e11a32d73994"

[[bindings]]
doc = "docs/vault/Modules/Speed Suite.md"
target = "benchmark/src/smbench/speed/cedar.py#build_world"
sig = "c6b34a98ceadf50e"

[[bindings]]
doc = "docs/vault/Modules/Speed Suite.md"
target = "benchmark/src/smbench/speed/cedar.py#label_sets"
sig = "a375092472a90893"

[[bindings]]
doc = "docs/vault/Modules/Speed Suite.md"
target = "benchmark/src/smbench/speed/cedar.py#measure"
sig = "642e96b42cf0e59d"

[[bindings]]
doc = "docs/vault/Modules/Speed Suite.md"
target = "benchmark/src/smbench/speed/cedar.py#timed"
sig = "92dae8af6c9d2832"

[[bindings]]
doc = "docs/vault/Modules/Speed Suite.md"
target = "memgate/src/memgate/policy.py#Policy"
sig = "d075e5714f730423"

[[bindings]]
doc = "docs/vault/Modules/Speed Suite.md"
target = "memgate/src/memgate/registry.py#Registry"
sig = "fa6e4459fbe55322"

[[bindings]]
doc = "docs/vault/Modules/memgate Core.md"
target = "benchmark/src/smbench/adapters/__init__.py#Memory"
sig = "18a8a4e569f43b73"

[[bindings]]
doc = "docs/vault/Modules/memgate Core.md"
target = "benchmark/src/smbench/adapters/__init__.py#MemoryAdapter"
sig = "a239b48e47673e54"

[[bindings]]
doc = "docs/vault/Modules/memgate Core.md"
target = "benchmark/src/smbench/adapters/hindsight.py#HindsightAdapter"
sig = "3f93b9f8c8aadb2d"

[[bindings]]
doc = "docs/vault/Modules/memgate Core.md"
target = "benchmark/src/smbench/adapters/mem0.py#Mem0Adapter"
sig = "21ef34aa5a39185a"

[[bindings]]
doc = "docs/vault/Modules/memgate Core.md"
target = "benchmark/src/smbench/adapters/memgate.py#MemgateAdapter"
sig = "2a17d7c38ad08835"

[[bindings]]
doc = "docs/vault/Modules/memgate Core.md"
target = "benchmark/src/smbench/selective/leakcheck.py#lineage"
sig = "002aa567b96c9022"

[[bindings]]
doc = "docs/vault/Modules/memgate Core.md"
target = "benchmark/src/smbench/selective/systems.py#Memgate"
sig = "ff70aa1d02c5c183"

[[bindings]]
doc = "docs/vault/Modules/memgate Core.md"
target = "benchmark/src/smbench/selective/systems.py#NoFilter"
sig = "9f65193b8f469dfc"

[[bindings]]
doc = "docs/vault/Modules/memgate Core.md"
target = "benchmark/src/smbench/selective/systems.py#PerAgent"
sig = "81fb6da007a8912d"

[[bindings]]
doc = "docs/vault/Modules/memgate Core.md"
target = "benchmark/src/smbench/selective/systems.py#RawHindsight"
sig = "feba9f4278a2323b"

[[bindings]]
doc = "docs/vault/Modules/memgate Core.md"
target = "benchmark/src/smbench/selective/systems_mem0.py#Mem0Memgate"
sig = "f65b73afc38c5a6a"

[[bindings]]
doc = "docs/vault/Modules/memgate Core.md"
target = "benchmark/src/smbench/selective/systems_mem0.py#Mem0NoFilter"
sig = "df35f18bd0aa63d3"

[[bindings]]
doc = "docs/vault/Modules/memgate Core.md"
target = "benchmark/src/smbench/selective/systems_mem0.py#Mem0Store"
sig = "7d6fe31b0f289e65"

[[bindings]]
doc = "docs/vault/Modules/memgate Core.md"
target = "benchmark/src/smbench/selective/world.py#World"
sig = "5d7a2c21724b9f4c"

[[bindings]]
doc = "docs/vault/Modules/memgate Core.md"
target = "memgate/src/memgate/adapters/hindsight/client.py#AsyncHindsightMemory"
sig = "fbb7961824f64562"

[[bindings]]
doc = "docs/vault/Modules/memgate Core.md"
target = "memgate/src/memgate/adapters/hindsight/client.py#HindsightMemory"
sig = "fe3a8875f85a2d8f"

[[bindings]]
doc = "docs/vault/Modules/memgate Core.md"
target = "memgate/src/memgate/adapters/hindsight/store.py#AsyncHindsightStore"
sig = "f300cb0a138938b8"

[[bindings]]
doc = "docs/vault/Modules/memgate Core.md"
target = "memgate/src/memgate/adapters/hindsight/store.py#HindsightStore"
sig = "1f657b2c847f722b"

[[bindings]]
doc = "docs/vault/Modules/memgate Core.md"
target = "memgate/src/memgate/adapters/mem0/store.py#Mem0Store"
sig = "20aee31250d4dfb1"

[[bindings]]
doc = "docs/vault/Modules/memgate Core.md"
target = "memgate/src/memgate/context.py#Gate"
sig = "702bd5bb4db8ae07"

[[bindings]]
doc = "docs/vault/Modules/memgate Core.md"
target = "memgate/src/memgate/context.py#class_bank"
sig = "aa8025ade3648e48"

[[bindings]]
doc = "docs/vault/Modules/memgate Core.md"
target = "memgate/src/memgate/core.py#AsyncMemory"
sig = "75f05a7d7c7e1db0"

[[bindings]]
doc = "docs/vault/Modules/memgate Core.md"
target = "memgate/src/memgate/core.py#Core"
sig = "bf5242d4884be8e9"

[[bindings]]
doc = "docs/vault/Modules/memgate Core.md"
target = "memgate/src/memgate/core.py#Memory"
sig = "a7304246cea2c3b3"

[[bindings]]
doc = "docs/vault/Modules/memgate Core.md"
target = "memgate/src/memgate/derivation.py#CrossLabelSetMerge"
sig = "ae2e2bbbdbf6f017"

[[bindings]]
doc = "docs/vault/Modules/memgate Core.md"
target = "memgate/src/memgate/derivation.py#check_merge"
sig = "805a41274b9040be"

[[bindings]]
doc = "docs/vault/Modules/memgate Core.md"
target = "memgate/src/memgate/derivation.py#conversation_labels"
sig = "626fc311f2e68ace"

[[bindings]]
doc = "docs/vault/Modules/memgate Core.md"
target = "memgate/src/memgate/derivation.py#derived_labels"
sig = "90dd54591618e7b0"

[[bindings]]
doc = "docs/vault/Modules/memgate Core.md"
target = "memgate/src/memgate/derivation.py#personal_labels"
sig = "63c6b8451db5bf8c"

[[bindings]]
doc = "docs/vault/Modules/memgate Core.md"
target = "memgate/src/memgate/derivation.py#personal_note_labels"
sig = "47e86ee2ddc8719a"

[[bindings]]
doc = "docs/vault/Modules/memgate Core.md"
target = "memgate/src/memgate/labels.py"
sig = "3e4c9966cc781572"

[[bindings]]
doc = "docs/vault/Modules/memgate Core.md"
target = "memgate/src/memgate/labels.py#Label"
sig = "c7ca31ff8a0c60fc"

[[bindings]]
doc = "docs/vault/Modules/memgate Core.md"
target = "memgate/src/memgate/labels.py#LabelSet"
sig = "369708ca3b47d205"

[[bindings]]
doc = "docs/vault/Modules/memgate Core.md"
target = "memgate/src/memgate/labels.py#class_rank"
sig = "e9f30ebea0d37092"

[[bindings]]
doc = "docs/vault/Modules/memgate Core.md"
target = "memgate/src/memgate/labels.py#strictest"
sig = "e4c4424c41a49a20"

[[bindings]]
doc = "docs/vault/Modules/memgate Core.md"
target = "memgate/src/memgate/policies/memgate.cedar"
sig = "8cae1407f03d8734"

[[bindings]]
doc = "docs/vault/Modules/memgate Core.md"
target = "memgate/src/memgate/policy.py#Policy"
sig = "d075e5714f730423"

[[bindings]]
doc = "docs/vault/Modules/memgate Core.md"
target = "memgate/src/memgate/provenance.py#ProvenanceLog"
sig = "c4ffdc8c13a8217b"

[[bindings]]
doc = "docs/vault/Modules/memgate Core.md"
target = "memgate/src/memgate/provenance.py#TrailNode"
sig = "65805f5240e82863"

[[bindings]]
doc = "docs/vault/Modules/memgate Core.md"
target = "memgate/src/memgate/provenance.py#write_id_for"
sig = "180eb6487945c88e"

[[bindings]]
doc = "docs/vault/Modules/memgate Core.md"
target = "memgate/src/memgate/provenance.py#write_id_label_set"
sig = "0739eccc28a2c855"

[[bindings]]
doc = "docs/vault/Modules/memgate Core.md"
target = "memgate/src/memgate/registry.py#PostgresRegistry"
sig = "aba8dbd7734763e5"

[[bindings]]
doc = "docs/vault/Modules/memgate Core.md"
target = "memgate/src/memgate/registry.py#Registry"
sig = "fa6e4459fbe55322"

[[bindings]]
doc = "docs/vault/Modules/memgate Core.md"
target = "memgate/src/memgate/residual.py#Compiler"
sig = "a59ad30729d54e91"

[[bindings]]
doc = "docs/vault/Modules/memgate Core.md"
target = "memgate/src/memgate/residual.py#Unsupported"
sig = "3dece13395a66e15"

[[bindings]]
doc = "docs/vault/Modules/memgate Core.md"
target = "memgate/src/memgate/store.py#Capabilities"
sig = "82a6bc57593818fb"

[[bindings]]
doc = "docs/vault/Modules/memgate Core.md"
target = "memgate/src/memgate/store.py#Hit"
sig = "7253f5d6beac887b"

[[bindings]]
doc = "docs/vault/Modules/memgate Core.md"
target = "memgate/src/memgate/store.py#Item"
sig = "a335b9056331883e"

[[bindings]]
doc = "docs/vault/Modules/memgate Core.md"
target = "memgate/src/memgate/store.py#Listed"
sig = "acda2fe0f9ef4dc8"

[[bindings]]
doc = "docs/vault/Modules/memgate Core.md"
target = "memgate/src/memgate/store.py#Store"
sig = "6ef8b05f66f4f489"

[[bindings]]
doc = "docs/vault/Modules/memgate Core.md"
target = "memgate/src/memgate/world.py#ClassPolicy"
sig = "8450a446f2094b4b"

[[bindings]]
doc = "docs/vault/Modules/memgate Core.md"
target = "memgate/src/memgate/world.py#Environment"
sig = "645263bcd7aeadfb"

[[bindings]]
doc = "docs/vault/Modules/memgate Core.md"
target = "memgate/src/memgate/world.py#Location"
sig = "623f110511650fcf"

[[bindings]]
doc = "docs/vault/Modules/memgate Core.md"
target = "memgate/src/memgate/world.py#World"
sig = "c047bfc658b67d2f"

[[bindings]]
doc = "docs/vault/Modules/memgate Hindsight Adapter.md"
target = "benchmark/src/smbench/adapters/__init__.py#Memory"
sig = "18a8a4e569f43b73"

[[bindings]]
doc = "docs/vault/Modules/memgate Hindsight Adapter.md"
target = "memgate/scripts/serve_hindsight_gated.sh"
sig = "f9e8f1dc4a0f5550"

[[bindings]]
doc = "docs/vault/Modules/memgate Hindsight Adapter.md"
target = "memgate/src/memgate/adapters/hindsight/client.py#AsyncHindsightMemory"
sig = "fbb7961824f64562"

[[bindings]]
doc = "docs/vault/Modules/memgate Hindsight Adapter.md"
target = "memgate/src/memgate/adapters/hindsight/client.py#HindsightMemory"
sig = "fe3a8875f85a2d8f"

[[bindings]]
doc = "docs/vault/Modules/memgate Hindsight Adapter.md"
target = "memgate/src/memgate/adapters/hindsight/client.py#RecallBatch"
sig = "bd1d5abb6f6c77c2"

[[bindings]]
doc = "docs/vault/Modules/memgate Hindsight Adapter.md"
target = "memgate/src/memgate/adapters/hindsight/client.py#Recalled"
sig = "bf88f3ee6542be87"

[[bindings]]
doc = "docs/vault/Modules/memgate Hindsight Adapter.md"
target = "memgate/src/memgate/adapters/hindsight/client.py#_Core"
sig = "7a1323b88141b5b1"

[[bindings]]
doc = "docs/vault/Modules/memgate Hindsight Adapter.md"
target = "memgate/src/memgate/adapters/hindsight/client.py#check_socket"
sig = "a7554c7a539fc9e7"

[[bindings]]
doc = "docs/vault/Modules/memgate Hindsight Adapter.md"
target = "memgate/src/memgate/adapters/hindsight/client.py#send"
sig = "afa018dff35a2adf"

[[bindings]]
doc = "docs/vault/Modules/memgate Hindsight Adapter.md"
target = "memgate/src/memgate/adapters/hindsight/store.py#AsyncHindsightStore"
sig = "f300cb0a138938b8"

[[bindings]]
doc = "docs/vault/Modules/memgate Hindsight Adapter.md"
target = "memgate/src/memgate/adapters/hindsight/store.py#HindsightStore"
sig = "1f657b2c847f722b"

[[bindings]]
doc = "docs/vault/Modules/memgate Hindsight Adapter.md"
target = "memgate/src/memgate/adapters/hindsight/store.py#VersionMismatch"
sig = "60d6a72cf4d6bf47"

[[bindings]]
doc = "docs/vault/Modules/memgate Hindsight Adapter.md"
target = "memgate/src/memgate/adapters/hindsight/store.py#check_socket"
sig = "a7554c7a539fc9e7"

[[bindings]]
doc = "docs/vault/Modules/memgate Hindsight Adapter.md"
target = "memgate/src/memgate/adapters/hindsight/store.py#send"
sig = "afa018dff35a2adf"

[[bindings]]
doc = "docs/vault/Modules/memgate Hindsight Adapter.md"
target = "memgate/src/memgate/adapters/hindsight/validator.py"
sig = "231061c842a450d9"

[[bindings]]
doc = "docs/vault/Modules/memgate Hindsight Adapter.md"
target = "memgate/src/memgate/adapters/hindsight/validator.py#MemgateValidator"
sig = "f7929b1378d25e05"

[[bindings]]
doc = "docs/vault/Modules/memgate Hindsight Adapter.md"
target = "memgate/src/memgate/adapters/hindsight/validator.py#RedactQueries"
sig = "7a89ff857577e530"

[[bindings]]
doc = "docs/vault/Modules/memgate Hindsight Adapter.md"
target = "memgate/src/memgate/adapters/hindsight/validator.py#install_log_redaction"
sig = "e023aceb2ce1966b"

[[bindings]]
doc = "docs/vault/Modules/memgate Hindsight Adapter.md"
target = "memgate/src/memgate/context.py#Context"
sig = "5364f419c55c5bd2"

[[bindings]]
doc = "docs/vault/Modules/memgate Hindsight Adapter.md"
target = "memgate/src/memgate/context.py#Gate"
sig = "702bd5bb4db8ae07"

[[bindings]]
doc = "docs/vault/Modules/memgate Hindsight Adapter.md"
target = "memgate/src/memgate/context.py#load_world"
sig = "29e975039ab31672"

[[bindings]]
doc = "docs/vault/Modules/memgate Hindsight Adapter.md"
target = "memgate/src/memgate/context.py#partition_bank"
sig = "667633c2e83fa1eb"

[[bindings]]
doc = "docs/vault/Modules/memgate Hindsight Adapter.md"
target = "memgate/src/memgate/context.py#partition_location"
sig = "bab0ab132abab9ae"

[[bindings]]
doc = "docs/vault/Modules/memgate Hindsight Adapter.md"
target = "memgate/src/memgate/core.py#AsyncMemory"
sig = "75f05a7d7c7e1db0"

[[bindings]]
doc = "docs/vault/Modules/memgate Hindsight Adapter.md"
target = "memgate/src/memgate/core.py#Core"
sig = "bf5242d4884be8e9"

[[bindings]]
doc = "docs/vault/Modules/memgate Hindsight Adapter.md"
target = "memgate/src/memgate/core.py#Memory"
sig = "a7304246cea2c3b3"

[[bindings]]
doc = "docs/vault/Modules/memgate Hindsight Adapter.md"
target = "memgate/src/memgate/core.py#RecallBatch"
sig = "bd1d5abb6f6c77c2"

[[bindings]]
doc = "docs/vault/Modules/memgate Hindsight Adapter.md"
target = "memgate/src/memgate/core.py#Recalled"
sig = "21d31283ce03c8e6"

[[bindings]]
doc = "docs/vault/Modules/memgate Hindsight Adapter.md"
target = "memgate/src/memgate/derivation.py#personal_labels"
sig = "63c6b8451db5bf8c"

[[bindings]]
doc = "docs/vault/Modules/memgate Hindsight Adapter.md"
target = "memgate/src/memgate/labels.py#LabelSet"
sig = "369708ca3b47d205"

[[bindings]]
doc = "docs/vault/Modules/memgate Hindsight Adapter.md"
target = "memgate/src/memgate/policy.py#Policy"
sig = "d075e5714f730423"

[[bindings]]
doc = "docs/vault/Modules/memgate Hindsight Adapter.md"
target = "memgate/src/memgate/provenance.py#ProvenanceLog"
sig = "c4ffdc8c13a8217b"

[[bindings]]
doc = "docs/vault/Modules/memgate Hindsight Adapter.md"
target = "memgate/src/memgate/provenance.py#TrailNode"
sig = "65805f5240e82863"

[[bindings]]
doc = "docs/vault/Modules/memgate Hindsight Adapter.md"
target = "memgate/src/memgate/provenance.py#write_id_for"
sig = "180eb6487945c88e"

[[bindings]]
doc = "docs/vault/Modules/memgate Hindsight Adapter.md"
target = "memgate/src/memgate/provenance.py#write_id_label_set"
sig = "0739eccc28a2c855"

[[bindings]]
doc = "docs/vault/Modules/memgate Hindsight Adapter.md"
target = "memgate/src/memgate/store.py#Capabilities"
sig = "82a6bc57593818fb"

[[bindings]]
doc = "docs/vault/Modules/memgate Hindsight Adapter.md"
target = "memgate/src/memgate/store.py#Hit"
sig = "7253f5d6beac887b"

[[bindings]]
doc = "docs/vault/Modules/memgate Hindsight Adapter.md"
target = "memgate/src/memgate/store.py#Item"
sig = "a335b9056331883e"

[[bindings]]
doc = "docs/vault/Modules/memgate Hindsight Adapter.md"
target = "memgate/src/memgate/store.py#Listed"
sig = "acda2fe0f9ef4dc8"

[[bindings]]
doc = "docs/vault/Modules/memgate Hindsight Adapter.md"
target = "memgate/src/memgate/world.py#Environment"
sig = "645263bcd7aeadfb"

[[bindings]]
doc = "docs/vault/Modules/memgate Hindsight Adapter.md"
target = "memgate/src/memgate/world.py#World"
sig = "c047bfc658b67d2f"

[[bindings]]
doc = "docs/vault/Modules/memgate Integration.md"
target = "benchmark/src/smbench/adapters/__init__.py#Memory"
sig = "18a8a4e569f43b73"

[[bindings]]
doc = "docs/vault/Modules/memgate Integration.md"
target = "memgate/CHANGELOG.md"
sig = "514f2961ed90b71d"

[[bindings]]
doc = "docs/vault/Modules/memgate Integration.md"
target = "memgate/INTEGRATION.md"
sig = "f984cf7e543b4392"

[[bindings]]
doc = "docs/vault/Modules/memgate Integration.md"
target = "memgate/examples/world.json"
sig = "5d5622526bde1504"

[[bindings]]
doc = "docs/vault/Modules/memgate Integration.md"
target = "memgate/scripts/serve_hindsight_gated.sh"
sig = "f9e8f1dc4a0f5550"

[[bindings]]
doc = "docs/vault/Modules/memgate Integration.md"
target = "memgate/src/memgate/adapters/hindsight/client.py#AsyncHindsightMemory"
sig = "fbb7961824f64562"

[[bindings]]
doc = "docs/vault/Modules/memgate Integration.md"
target = "memgate/src/memgate/adapters/hindsight/client.py#HindsightMemory"
sig = "fe3a8875f85a2d8f"

[[bindings]]
doc = "docs/vault/Modules/memgate Integration.md"
target = "memgate/src/memgate/adapters/hindsight/validator.py#RedactQueries"
sig = "7a89ff857577e530"

[[bindings]]
doc = "docs/vault/Modules/memgate Integration.md"
target = "memgate/src/memgate/cli.py#cmd_serve"
sig = "6787844440253cab"

[[bindings]]
doc = "docs/vault/Modules/memgate Integration.md"
target = "memgate/src/memgate/cli.py#redact_db_url"
sig = "468943d42d3a65a2"

[[bindings]]
doc = "docs/vault/Modules/memgate Integration.md"
target = "memgate/src/memgate/conformance.py#_apart"
sig = "baace1cac83f65e0"

[[bindings]]
doc = "docs/vault/Modules/memgate Integration.md"
target = "memgate/src/memgate/conformance.py#run"
sig = "c8dea25163917c85"

[[bindings]]
doc = "docs/vault/Modules/memgate Integration.md"
target = "memgate/src/memgate/context.py#Context"
sig = "5364f419c55c5bd2"

[[bindings]]
doc = "docs/vault/Modules/memgate Integration.md"
target = "memgate/src/memgate/context.py#serve_fingerprint"
sig = "b888fa980b85dc3e"

[[bindings]]
doc = "docs/vault/Modules/memgate Integration.md"
target = "memgate/src/memgate/core.py#AsyncMemory"
sig = "75f05a7d7c7e1db0"

[[bindings]]
doc = "docs/vault/Modules/memgate Integration.md"
target = "memgate/src/memgate/core.py#Memory"
sig = "a7304246cea2c3b3"

[[bindings]]
doc = "docs/vault/Modules/memgate Integration.md"
target = "memgate/src/memgate/world.py#Environment"
sig = "645263bcd7aeadfb"

[[bindings]]
doc = "docs/vault/Modules/memgate Integration.md"
target = "memgate/src/memgate/world.py#World"
sig = "c047bfc658b67d2f"

[[bindings]]
doc = "docs/vault/Modules/memgate Integration.md"
target = "memgate/src/memgate/worldcheck.py#check_world"
sig = "b2e6f0fdca09a168"

[[bindings]]
doc = "docs/vault/Modules/memgate Integration.md"
target = "plugins/memgate/skills/integrate-memgate/SKILL.md"
sig = "a3871e4365fe9018"

[[bindings]]
doc = "docs/vault/Modules/memgate Proofs.md"
target = "memgate/proofs/results.json"
sig = "de509b672700b596"

[[bindings]]
doc = "docs/vault/Modules/memgate Proofs.md"
target = "memgate/proofs/src/main.rs"
sig = "7ece2b720a1428c5"

[[bindings]]
doc = "docs/vault/Modules/memgate Proofs.md"
target = "memgate/src/memgate/adapters/hindsight/client.py#_Core"
sig = "7a1323b88141b5b1"

[[bindings]]
doc = "docs/vault/Modules/memgate Proofs.md"
target = "memgate/src/memgate/adapters/hindsight/validator.py#MemgateValidator"
sig = "f7929b1378d25e05"

[[bindings]]
doc = "docs/vault/Modules/memgate Proofs.md"
target = "memgate/src/memgate/core.py#Core"
sig = "bf5242d4884be8e9"

[[bindings]]
doc = "docs/vault/Modules/memgate Proofs.md"
target = "memgate/src/memgate/policies/memgate.cedar"
sig = "8cae1407f03d8734"

[[bindings]]
doc = "docs/vault/Modules/memgate Proofs.md"
target = "memgate/src/memgate/policy.py#Policy"
sig = "d075e5714f730423"
